
Microsoft Visual Studio Solution File, Format Version 12.00
# Visual Studio Version 16
VisualStudioVersion = 16.0.31112.23
MinimumVisualStudioVersion = 10.0.40219.1
Project("{8BC9CEB8-8B4A-11D0-8D11-00A0C91BC942}") = "coursework", "coursework\coursework.vcxproj", "{EF832113-D72D-4EDA-BEE3-90A62D2D9341}"
EndProject
Global
	GlobalSection(SolutionConfigurationPlatforms) = preSolution
		Debug|x64 = Debug|x64
		Debug|x86 = Debug|x86
		Release|x64 = Release|x64
		Release|x86 = Release|x86
	EndGlobalSection
	GlobalSection(ProjectConfigurationPlatforms) = postSolution
		{EF832113-D72D-4EDA-BEE3-90A62D2D9341}.Debug|x64.ActiveCfg = Debug|x64
		{EF832113-D72D-4EDA-BEE3-90A62D2D9341}.Debug|x64.Build.0 = Debug|x64
		{EF832113-D72D-4EDA-BEE3-90A62D2D9341}.Debug|x86.ActiveCfg = Debug|Win32
		{EF832113-D72D-4EDA-BEE3-90A62D2D9341}.Debug|x86.Build.0 = Debug|Win32
		{EF832113-D72D-4EDA-BEE3-90A62D2D9341}.Release|x64.ActiveCfg = Release|x64
		{EF832113-D72D-4EDA-BEE3-90A62D2D9341}.Release|x64.Build.0 = Release|x64
		{EF832113-D72D-4EDA-BEE3-90A62D2D9341}.Release|x86.ActiveCfg = Release|Win32
		{EF832113-D72D-4EDA-BEE3-90A62D2D9341}.Release|x86.Build.0 = Release|Win32
	EndGlobalSection
	GlobalSection(SolutionProperties) = preSolution
		HideSolutionNode = FALSE
	EndGlobalSection
	GlobalSection(ExtensibilityGlobals) = postSolution
		SolutionGuid = {B616071B-EF66-441F-BBF1-75CF80A78BFA}
	EndGlobalSection
EndGlobal
